// !$*UTF8*$!
{
	archiveVersion = 1;
	classes = {
	};
	objectVersion = 50;
	objects = {

/* Begin PBXBuildFile section */
		7A9B89C22286C7A700F9BF52 /* AppDelegate.swift in Sources */ = {isa = PBXBuildFile; fileRef = 7A9B89C12286C7A700F9BF52 /* AppDelegate.swift */; };
		7A9B89C42286C7A700F9BF52 /* TranslateViewController.swift in Sources */ = {isa = PBXBuildFile; fileRef = 7A9B89C32286C7A700F9BF52 /* TranslateViewController.swift */; };
		7A9B89C62286C7A700F9BF52 /* HistoryViewController.swift in Sources */ = {isa = PBXBuildFile; fileRef = 7A9B89C52286C7A700F9BF52 /* HistoryViewController.swift */; };
		7A9B89C92286C7A700F9BF52 /* Main.storyboard in Resources */ = {isa = PBXBuildFile; fileRef = 7A9B89C72286C7A700F9BF52 /* Main.storyboard */; };
		7A9B89CB2286C7A900F9BF52 /* Assets.xcassets in Resources */ = {isa = PBXBuildFile; fileRef = 7A9B89CA2286C7A900F9BF52 /* Assets.xcassets */; };
		7A9B89CE2286C7A900F9BF52 /* LaunchScreen.storyboard in Resources */ = {isa = PBXBuildFile; fileRef = 7A9B89CC2286C7A900F9BF52 /* LaunchScreen.storyboard */; };
		7A9B89D92286C7A900F9BF52 /* Sberbank_testTests.swift in Sources */ = {isa = PBXBuildFile; fileRef = 7A9B89D82286C7A900F9BF52 /* Sberbank_testTests.swift */; };
		7A9B89E42286C7A900F9BF52 /* Sberbank_testUITests.swift in Sources */ = {isa = PBXBuildFile; fileRef = 7A9B89E32286C7A900F9BF52 /* Sberbank_testUITests.swift */; };
		7A9B89F32286C80100F9BF52 /* Model.xcdatamodeld in Sources */ = {isa = PBXBuildFile; fileRef = 7A9B89F12286C80100F9BF52 /* Model.xcdatamodeld */; };
		7A9B89F62286CA4400F9BF52 /* Translate.storyboard in Resources */ = {isa = PBXBuildFile; fileRef = 7A9B89F52286CA4400F9BF52 /* Translate.storyboard */; };
		7A9B89FA2286CCF100F9BF52 /* History.storyboard in Resources */ = {isa = PBXBuildFile; fileRef = 7A9B89F92286CCF100F9BF52 /* History.storyboard */; };
		7A9B89FF2286CE6F00F9BF52 /* TranslatePresenter.swift in Sources */ = {isa = PBXBuildFile; fileRef = 7A9B89FE2286CE6F00F9BF52 /* TranslatePresenter.swift */; };
		7A9B8A012286CEE400F9BF52 /* TranslateConfigurator.swift in Sources */ = {isa = PBXBuildFile; fileRef = 7A9B8A002286CEE400F9BF52 /* TranslateConfigurator.swift */; };
		7A9B8A032286CF9B00F9BF52 /* TranslateInteractor.swift in Sources */ = {isa = PBXBuildFile; fileRef = 7A9B8A022286CF9B00F9BF52 /* TranslateInteractor.swift */; };
		7A9B8A052286D02B00F9BF52 /* TranslateRouterProtocol.swift in Sources */ = {isa = PBXBuildFile; fileRef = 7A9B8A042286D02B00F9BF52 /* TranslateRouterProtocol.swift */; };
		7A9B8A072286D3DB00F9BF52 /* Translate.swift in Sources */ = {isa = PBXBuildFile; fileRef = 7A9B8A062286D3DB00F9BF52 /* Translate.swift */; };
		7A9B8A0A2286D69F00F9BF52 /* TranslateCell.swift in Sources */ = {isa = PBXBuildFile; fileRef = 7A9B8A092286D69F00F9BF52 /* TranslateCell.swift */; };
		7A9B8A0D2286FF3D00F9BF52 /* Language.storyboard in Resources */ = {isa = PBXBuildFile; fileRef = 7A9B8A0C2286FF3D00F9BF52 /* Language.storyboard */; };
		7A9B8A0F2286FFBA00F9BF52 /* LanguageViewController.swift in Sources */ = {isa = PBXBuildFile; fileRef = 7A9B8A0E2286FFBA00F9BF52 /* LanguageViewController.swift */; };
		7A9B8A13228704C400F9BF52 /* TranslateTitleView.swift in Sources */ = {isa = PBXBuildFile; fileRef = 7A9B8A12228704C400F9BF52 /* TranslateTitleView.swift */; };
		7A9B8A15228704CE00F9BF52 /* TranslateTitleView.xib in Resources */ = {isa = PBXBuildFile; fileRef = 7A9B8A14228704CE00F9BF52 /* TranslateTitleView.xib */; };
		7A9B8A17228718BB00F9BF52 /* Language.swift in Sources */ = {isa = PBXBuildFile; fileRef = 7A9B8A16228718BB00F9BF52 /* Language.swift */; };
		7A9B8A192287425A00F9BF52 /* StartViewController.swift in Sources */ = {isa = PBXBuildFile; fileRef = 7A9B8A182287425A00F9BF52 /* StartViewController.swift */; };
		7A9B8A1B2288216E00F9BF52 /* LanguageConfigurator.swift in Sources */ = {isa = PBXBuildFile; fileRef = 7A9B8A1A2288216E00F9BF52 /* LanguageConfigurator.swift */; };
		7A9B8A1D2288224100F9BF52 /* LanguageRouter.swift in Sources */ = {isa = PBXBuildFile; fileRef = 7A9B8A1C2288224100F9BF52 /* LanguageRouter.swift */; };
		7A9B8A6322883E4C00F9BF52 /* HistoryInteractor.swift in Sources */ = {isa = PBXBuildFile; fileRef = 7A9B8A6222883E4C00F9BF52 /* HistoryInteractor.swift */; };
		7A9B8A6522883F2400F9BF52 /* HistoryConfigurator.swift in Sources */ = {isa = PBXBuildFile; fileRef = 7A9B8A6422883F2400F9BF52 /* HistoryConfigurator.swift */; };
		7A9B8A682288548800F9BF52 /* HistoryCell.swift in Sources */ = {isa = PBXBuildFile; fileRef = 7A9B8A672288548800F9BF52 /* HistoryCell.swift */; };
/* End PBXBuildFile section */

/* Begin PBXContainerItemProxy section */
		7A9B89D52286C7A900F9BF52 /* PBXContainerItemProxy */ = {
			isa = PBXContainerItemProxy;
			containerPortal = 7A9B89B62286C7A700F9BF52 /* Project object */;
			proxyType = 1;
			remoteGlobalIDString = 7A9B89BD2286C7A700F9BF52;
			remoteInfo = "Sberbank test";
		};
		7A9B89E02286C7A900F9BF52 /* PBXContainerItemProxy */ = {
			isa = PBXContainerItemProxy;
			containerPortal = 7A9B89B62286C7A700F9BF52 /* Project object */;
			proxyType = 1;
			remoteGlobalIDString = 7A9B89BD2286C7A700F9BF52;
			remoteInfo = "Sberbank test";
		};
/* End PBXContainerItemProxy section */

/* Begin PBXFileReference section */
		7A9B89BE2286C7A700F9BF52 /* Sberbank test.app */ = {isa = PBXFileReference; explicitFileType = wrapper.application; includeInIndex = 0; path = "Sberbank test.app"; sourceTree = BUILT_PRODUCTS_DIR; };
		7A9B89C12286C7A700F9BF52 /* AppDelegate.swift */ = {isa = PBXFileReference; lastKnownFileType = sourcecode.swift; path = AppDelegate.swift; sourceTree = "<group>"; };
		7A9B89C32286C7A700F9BF52 /* TranslateViewController.swift */ = {isa = PBXFileReference; lastKnownFileType = sourcecode.swift; path = TranslateViewController.swift; sourceTree = "<group>"; };
		7A9B89C52286C7A700F9BF52 /* HistoryViewController.swift */ = {isa = PBXFileReference; lastKnownFileType = sourcecode.swift; path = HistoryViewController.swift; sourceTree = "<group>"; };
		7A9B89C82286C7A700F9BF52 /* Base */ = {isa = PBXFileReference; lastKnownFileType = file.storyboard; name = Base; path = Base.lproj/Main.storyboard; sourceTree = "<group>"; };
		7A9B89CA2286C7A900F9BF52 /* Assets.xcassets */ = {isa = PBXFileReference; lastKnownFileType = folder.assetcatalog; path = Assets.xcassets; sourceTree = "<group>"; };
		7A9B89CD2286C7A900F9BF52 /* Base */ = {isa = PBXFileReference; lastKnownFileType = file.storyboard; name = Base; path = Base.lproj/LaunchScreen.storyboard; sourceTree = "<group>"; };
		7A9B89CF2286C7A900F9BF52 /* Info.plist */ = {isa = PBXFileReference; lastKnownFileType = text.plist.xml; path = Info.plist; sourceTree = "<group>"; };
		7A9B89D42286C7A900F9BF52 /* Sberbank testTests.xctest */ = {isa = PBXFileReference; explicitFileType = wrapper.cfbundle; includeInIndex = 0; path = "Sberbank testTests.xctest"; sourceTree = BUILT_PRODUCTS_DIR; };
		7A9B89D82286C7A900F9BF52 /* Sberbank_testTests.swift */ = {isa = PBXFileReference; lastKnownFileType = sourcecode.swift; path = Sberbank_testTests.swift; sourceTree = "<group>"; };
		7A9B89DA2286C7A900F9BF52 /* Info.plist */ = {isa = PBXFileReference; lastKnownFileType = text.plist.xml; path = Info.plist; sourceTree = "<group>"; };
		7A9B89DF2286C7A900F9BF52 /* Sberbank testUITests.xctest */ = {isa = PBXFileReference; explicitFileType = wrapper.cfbundle; includeInIndex = 0; path = "Sberbank testUITests.xctest"; sourceTree = BUILT_PRODUCTS_DIR; };
		7A9B89E32286C7A900F9BF52 /* Sberbank_testUITests.swift */ = {isa = PBXFileReference; lastKnownFileType = sourcecode.swift; path = Sberbank_testUITests.swift; sourceTree = "<group>"; };
		7A9B89E52286C7A900F9BF52 /* Info.plist */ = {isa = PBXFileReference; lastKnownFileType = text.plist.xml; path = Info.plist; sourceTree = "<group>"; };
		7A9B89F22286C80100F9BF52 /* Model.xcdatamodel */ = {isa = PBXFileReference; lastKnownFileType = wrapper.xcdatamodel; path = Model.xcdatamodel; sourceTree = "<group>"; };
		7A9B89F52286CA4400F9BF52 /* Translate.storyboard */ = {isa = PBXFileReference; lastKnownFileType = file.storyboard; path = Translate.storyboard; sourceTree = "<group>"; };
		7A9B89F92286CCF100F9BF52 /* History.storyboard */ = {isa = PBXFileReference; lastKnownFileType = file.storyboard; path = History.storyboard; sourceTree = "<group>"; };
		7A9B89FE2286CE6F00F9BF52 /* TranslatePresenter.swift */ = {isa = PBXFileReference; lastKnownFileType = sourcecode.swift; path = TranslatePresenter.swift; sourceTree = "<group>"; };
		7A9B8A002286CEE400F9BF52 /* TranslateConfigurator.swift */ = {isa = PBXFileReference; lastKnownFileType = sourcecode.swift; path = TranslateConfigurator.swift; sourceTree = "<group>"; };
		7A9B8A022286CF9B00F9BF52 /* TranslateInteractor.swift */ = {isa = PBXFileReference; lastKnownFileType = sourcecode.swift; path = TranslateInteractor.swift; sourceTree = "<group>"; };
		7A9B8A042286D02B00F9BF52 /* TranslateRouterProtocol.swift */ = {isa = PBXFileReference; lastKnownFileType = sourcecode.swift; path = TranslateRouterProtocol.swift; sourceTree = "<group>"; };
		7A9B8A062286D3DB00F9BF52 /* Translate.swift */ = {isa = PBXFileReference; lastKnownFileType = sourcecode.swift; path = Translate.swift; sourceTree = "<group>"; };
		7A9B8A092286D69F00F9BF52 /* TranslateCell.swift */ = {isa = PBXFileReference; lastKnownFileType = sourcecode.swift; path = TranslateCell.swift; sourceTree = "<group>"; };
		7A9B8A0C2286FF3D00F9BF52 /* Language.storyboard */ = {isa = PBXFileReference; lastKnownFileType = file.storyboard; path = Language.storyboard; sourceTree = "<group>"; };
		7A9B8A0E2286FFBA00F9BF52 /* LanguageViewController.swift */ = {isa = PBXFileReference; lastKnownFileType = sourcecode.swift; path = LanguageViewController.swift; sourceTree = "<group>"; };
		7A9B8A12228704C400F9BF52 /* TranslateTitleView.swift */ = {isa = PBXFileReference; lastKnownFileType = sourcecode.swift; path = TranslateTitleView.swift; sourceTree = "<group>"; };
		7A9B8A14228704CE00F9BF52 /* TranslateTitleView.xib */ = {isa = PBXFileReference; lastKnownFileType = file.xib; path = TranslateTitleView.xib; sourceTree = "<group>"; };
		7A9B8A16228718BB00F9BF52 /* Language.swift */ = {isa = PBXFileReference; lastKnownFileType = sourcecode.swift; path = Language.swift; sourceTree = "<group>"; };
		7A9B8A182287425A00F9BF52 /* StartViewController.swift */ = {isa = PBXFileReference; lastKnownFileType = sourcecode.swift; path = StartViewController.swift; sourceTree = "<group>"; };
		7A9B8A1A2288216E00F9BF52 /* LanguageConfigurator.swift */ = {isa = PBXFileReference; lastKnownFileType = sourcecode.swift; path = LanguageConfigurator.swift; sourceTree = "<group>"; };
		7A9B8A1C2288224100F9BF52 /* LanguageRouter.swift */ = {isa = PBXFileReference; lastKnownFileType = sourcecode.swift; path = LanguageRouter.swift; sourceTree = "<group>"; };
		7A9B8A212288324200F9BF52 /* CoreData.framework */ = {isa = PBXFileReference; lastKnownFileType = wrapper.framework; name = CoreData.framework; path = System/Library/Frameworks/CoreData.framework; sourceTree = SDKROOT; };
		7A9B8A6222883E4C00F9BF52 /* HistoryInteractor.swift */ = {isa = PBXFileReference; lastKnownFileType = sourcecode.swift; path = HistoryInteractor.swift; sourceTree = "<group>"; };
		7A9B8A6422883F2400F9BF52 /* HistoryConfigurator.swift */ = {isa = PBXFileReference; lastKnownFileType = sourcecode.swift; path = HistoryConfigurator.swift; sourceTree = "<group>"; };
		7A9B8A672288548800F9BF52 /* HistoryCell.swift */ = {isa = PBXFileReference; lastKnownFileType = sourcecode.swift; path = HistoryCell.swift; sourceTree = "<group>"; };
/* End PBXFileReference section */

/* Begin PBXFrameworksBuildPhase section */
		7A9B89BB2286C7A700F9BF52 /* Frameworks */ = {
			isa = PBXFrameworksBuildPhase;
			buildActionMask = 2147483647;
			files = (
			);
			runOnlyForDeploymentPostprocessing = 0;
		};
		7A9B89D12286C7A900F9BF52 /* Frameworks */ = {
			isa = PBXFrameworksBuildPhase;
			buildActionMask = 2147483647;
			files = (
			);
			runOnlyForDeploymentPostprocessing = 0;
		};
		7A9B89DC2286C7A900F9BF52 /* Frameworks */ = {
			isa = PBXFrameworksBuildPhase;
			buildActionMask = 2147483647;
			files = (
			);
			runOnlyForDeploymentPostprocessing = 0;
		};
/* End PBXFrameworksBuildPhase section */

/* Begin PBXGroup section */
		7A9B89B52286C7A700F9BF52 = {
			isa = PBXGroup;
			children = (
				7A9B89C02286C7A700F9BF52 /* Sberbank test */,
				7A9B89D72286C7A900F9BF52 /* Sberbank testTests */,
				7A9B89E22286C7A900F9BF52 /* Sberbank testUITests */,
				7A9B89BF2286C7A700F9BF52 /* Products */,
				7A9B8A202288324200F9BF52 /* Frameworks */,
			);
			sourceTree = "<group>";
		};
		7A9B89BF2286C7A700F9BF52 /* Products */ = {
			isa = PBXGroup;
			children = (
				7A9B89BE2286C7A700F9BF52 /* Sberbank test.app */,
				7A9B89D42286C7A900F9BF52 /* Sberbank testTests.xctest */,
				7A9B89DF2286C7A900F9BF52 /* Sberbank testUITests.xctest */,
			);
			name = Products;
			sourceTree = "<group>";
		};
		7A9B89C02286C7A700F9BF52 /* Sberbank test */ = {
			isa = PBXGroup;
			children = (
				7A9B89C12286C7A700F9BF52 /* AppDelegate.swift */,
				7A9B8A182287425A00F9BF52 /* StartViewController.swift */,
				7A9B89C72286C7A700F9BF52 /* Main.storyboard */,
				7A9B89F42286C80B00F9BF52 /* Model */,
				7A9B89FB2286CDE600F9BF52 /* Translate */,
				7A9B89FD2286CDF800F9BF52 /* History */,
				7A9B8A0B2286FF1400F9BF52 /* Language */,
				7A9B89CA2286C7A900F9BF52 /* Assets.xcassets */,
				7A9B89CC2286C7A900F9BF52 /* LaunchScreen.storyboard */,
				7A9B89CF2286C7A900F9BF52 /* Info.plist */,
				7A9B89F12286C80100F9BF52 /* Model.xcdatamodeld */,
			);
			path = "Sberbank test";
			sourceTree = "<group>";
		};
		7A9B89D72286C7A900F9BF52 /* Sberbank testTests */ = {
			isa = PBXGroup;
			children = (
				7A9B89D82286C7A900F9BF52 /* Sberbank_testTests.swift */,
				7A9B89DA2286C7A900F9BF52 /* Info.plist */,
			);
			path = "Sberbank testTests";
			sourceTree = "<group>";
		};
		7A9B89E22286C7A900F9BF52 /* Sberbank testUITests */ = {
			isa = PBXGroup;
			children = (
				7A9B89E32286C7A900F9BF52 /* Sberbank_testUITests.swift */,
				7A9B89E52286C7A900F9BF52 /* Info.plist */,
			);
			path = "Sberbank testUITests";
			sourceTree = "<group>";
		};
		7A9B89F42286C80B00F9BF52 /* Model */ = {
			isa = PBXGroup;
			children = (
				7A9B8A062286D3DB00F9BF52 /* Translate.swift */,
				7A9B8A16228718BB00F9BF52 /* Language.swift */,
			);
			path = Model;
			sourceTree = "<group>";
		};
		7A9B89FB2286CDE600F9BF52 /* Translate */ = {
			isa = PBXGroup;
			children = (
				7A9B8A082286D68800F9BF52 /* Views */,
				7A9B89F52286CA4400F9BF52 /* Translate.storyboard */,
				7A9B89C32286C7A700F9BF52 /* TranslateViewController.swift */,
				7A9B8A002286CEE400F9BF52 /* TranslateConfigurator.swift */,
				7A9B89FE2286CE6F00F9BF52 /* TranslatePresenter.swift */,
				7A9B8A022286CF9B00F9BF52 /* TranslateInteractor.swift */,
				7A9B8A042286D02B00F9BF52 /* TranslateRouterProtocol.swift */,
			);
			path = Translate;
			sourceTree = "<group>";
		};
		7A9B89FD2286CDF800F9BF52 /* History */ = {
			isa = PBXGroup;
			children = (
				7A9B8A662288547A00F9BF52 /* Views */,
				7A9B89F92286CCF100F9BF52 /* History.storyboard */,
				7A9B89C52286C7A700F9BF52 /* HistoryViewController.swift */,
				7A9B8A6422883F2400F9BF52 /* HistoryConfigurator.swift */,
				7A9B8A6222883E4C00F9BF52 /* HistoryInteractor.swift */,
			);
			path = History;
			sourceTree = "<group>";
		};
		7A9B8A082286D68800F9BF52 /* Views */ = {
			isa = PBXGroup;
			children = (
				7A9B8A092286D69F00F9BF52 /* TranslateCell.swift */,
				7A9B8A12228704C400F9BF52 /* TranslateTitleView.swift */,
				7A9B8A14228704CE00F9BF52 /* TranslateTitleView.xib */,
			);
			path = Views;
			sourceTree = "<group>";
		};
		7A9B8A0B2286FF1400F9BF52 /* Language */ = {
			isa = PBXGroup;
			children = (
				7A9B8A0C2286FF3D00F9BF52 /* Language.storyboard */,
				7A9B8A0E2286FFBA00F9BF52 /* LanguageViewController.swift */,
				7A9B8A1A2288216E00F9BF52 /* LanguageConfigurator.swift */,
				7A9B8A1C2288224100F9BF52 /* LanguageRouter.swift */,
			);
			path = Language;
			sourceTree = "<group>";
		};
		7A9B8A202288324200F9BF52 /* Frameworks */ = {
			isa = PBXGroup;
			children = (
				7A9B8A212288324200F9BF52 /* CoreData.framework */,
			);
			name = Frameworks;
			sourceTree = "<group>";
		};
		7A9B8A662288547A00F9BF52 /* Views */ = {
			isa = PBXGroup;
			children = (
				7A9B8A672288548800F9BF52 /* HistoryCell.swift */,
			);
			path = Views;
			sourceTree = "<group>";
		};
/* End PBXGroup section */

/* Begin PBXNativeTarget section */
		7A9B89BD2286C7A700F9BF52 /* Sberbank test */ = {
			isa = PBXNativeTarget;
			buildConfigurationList = 7A9B89E82286C7A900F9BF52 /* Build configuration list for PBXNativeTarget "Sberbank test" */;
			buildPhases = (
				7A9B89BA2286C7A700F9BF52 /* Sources */,
				7A9B89BB2286C7A700F9BF52 /* Frameworks */,
				7A9B89BC2286C7A700F9BF52 /* Resources */,
			);
			buildRules = (
			);
			dependencies = (
			);
			name = "Sberbank test";
			productName = "Sberbank test";
			productReference = 7A9B89BE2286C7A700F9BF52 /* Sberbank test.app */;
			productType = "com.apple.product-type.application";
		};
		7A9B89D32286C7A900F9BF52 /* Sberbank testTests */ = {
			isa = PBXNativeTarget;
			buildConfigurationList = 7A9B89EB2286C7A900F9BF52 /* Build configuration list for PBXNativeTarget "Sberbank testTests" */;
			buildPhases = (
				7A9B89D02286C7A900F9BF52 /* Sources */,
				7A9B89D12286C7A900F9BF52 /* Frameworks */,
				7A9B89D22286C7A900F9BF52 /* Resources */,
			);
			buildRules = (
			);
			dependencies = (
				7A9B89D62286C7A900F9BF52 /* PBXTargetDependency */,
			);
			name = "Sberbank testTests";
			productName = "Sberbank testTests";
			productReference = 7A9B89D42286C7A900F9BF52 /* Sberbank testTests.xctest */;
			productType = "com.apple.product-type.bundle.unit-test";
		};
		7A9B89DE2286C7A900F9BF52 /* Sberbank testUITests */ = {
			isa = PBXNativeTarget;
			buildConfigurationList = 7A9B89EE2286C7A900F9BF52 /* Build configuration list for PBXNativeTarget "Sberbank testUITests" */;
			buildPhases = (
				7A9B89DB2286C7A900F9BF52 /* Sources */,
				7A9B89DC2286C7A900F9BF52 /* Frameworks */,
				7A9B89DD2286C7A900F9BF52 /* Resources */,
			);
			buildRules = (
			);
			dependencies = (
				7A9B89E12286C7A900F9BF52 /* PBXTargetDependency */,
			);
			name = "Sberbank testUITests";
			productName = "Sberbank testUITests";
			productReference = 7A9B89DF2286C7A900F9BF52 /* Sberbank testUITests.xctest */;
			productType = "com.apple.product-type.bundle.ui-testing";
		};
/* End PBXNativeTarget section */

/* Begin PBXProject section */
		7A9B89B62286C7A700F9BF52 /* Project object */ = {
			isa = PBXProject;
			attributes = {
				LastSwiftUpdateCheck = 1020;
				LastUpgradeCheck = 1020;
				ORGANIZATIONNAME = test;
				TargetAttributes = {
					7A9B89BD2286C7A700F9BF52 = {
						CreatedOnToolsVersion = 10.2.1;
					};
					7A9B89D32286C7A900F9BF52 = {
						CreatedOnToolsVersion = 10.2.1;
						TestTargetID = 7A9B89BD2286C7A700F9BF52;
					};
					7A9B89DE2286C7A900F9BF52 = {
						CreatedOnToolsVersion = 10.2.1;
						TestTargetID = 7A9B89BD2286C7A700F9BF52;
					};
				};
			};
			buildConfigurationList = 7A9B89B92286C7A700F9BF52 /* Build configuration list for PBXProject "Sberbank test" */;
			compatibilityVersion = "Xcode 9.3";
			developmentRegion = en;
			hasScannedForEncodings = 0;
			knownRegions = (
				en,
				Base,
			);
			mainGroup = 7A9B89B52286C7A700F9BF52;
			productRefGroup = 7A9B89BF2286C7A700F9BF52 /* Products */;
			projectDirPath = "";
			projectRoot = "";
			targets = (
				7A9B89BD2286C7A700F9BF52 /* Sberbank test */,
				7A9B89D32286C7A900F9BF52 /* Sberbank testTests */,
				7A9B89DE2286C7A900F9BF52 /* Sberbank testUITests */,
			);
		};
/* End PBXProject section */

/* Begin PBXResourcesBuildPhase section */
		7A9B89BC2286C7A700F9BF52 /* Resources */ = {
			isa = PBXResourcesBuildPhase;
			buildActionMask = 2147483647;
			files = (
				7A9B8A0D2286FF3D00F9BF52 /* Language.storyboard in Resources */,
				7A9B8A15228704CE00F9BF52 /* TranslateTitleView.xib in Resources */,
				7A9B89CE2286C7A900F9BF52 /* LaunchScreen.storyboard in Resources */,
				7A9B89F62286CA4400F9BF52 /* Translate.storyboard in Resources */,
				7A9B89CB2286C7A900F9BF52 /* Assets.xcassets in Resources */,
				7A9B89C92286C7A700F9BF52 /* Main.storyboard in Resources */,
				7A9B89FA2286CCF100F9BF52 /* History.storyboard in Resources */,
			);
			runOnlyForDeploymentPostprocessing = 0;
		};
		7A9B89D22286C7A900F9BF52 /* Resources */ = {
			isa = PBXResourcesBuildPhase;
			buildActionMask = 2147483647;
			files = (
			);
			runOnlyForDeploymentPostprocessing = 0;
		};
		7A9B89DD2286C7A900F9BF52 /* Resources */ = {
			isa = PBXResourcesBuildPhase;
			buildActionMask = 2147483647;
			files = (
			);
			runOnlyForDeploymentPostprocessing = 0;
		};
/* End PBXResourcesBuildPhase section */

/* Begin PBXSourcesBuildPhase section */
		7A9B89BA2286C7A700F9BF52 /* Sources */ = {
			isa = PBXSourcesBuildPhase;
			buildActionMask = 2147483647;
			files = (
				7A9B89C62286C7A700F9BF52 /* HistoryViewController.swift in Sources */,
				7A9B8A6522883F2400F9BF52 /* HistoryConfigurator.swift in Sources */,
				7A9B8A1B2288216E00F9BF52 /* LanguageConfigurator.swift in Sources */,
				7A9B8A192287425A00F9BF52 /* StartViewController.swift in Sources */,
				7A9B8A052286D02B00F9BF52 /* TranslateRouterProtocol.swift in Sources */,
				7A9B8A1D2288224100F9BF52 /* LanguageRouter.swift in Sources */,
				7A9B8A0A2286D69F00F9BF52 /* TranslateCell.swift in Sources */,
				7A9B8A012286CEE400F9BF52 /* TranslateConfigurator.swift in Sources */,
				7A9B89C22286C7A700F9BF52 /* AppDelegate.swift in Sources */,
				7A9B89C42286C7A700F9BF52 /* TranslateViewController.swift in Sources */,
				7A9B8A072286D3DB00F9BF52 /* Translate.swift in Sources */,
				7A9B8A682288548800F9BF52 /* HistoryCell.swift in Sources */,
				7A9B8A032286CF9B00F9BF52 /* TranslateInteractor.swift in Sources */,
				7A9B8A17228718BB00F9BF52 /* Language.swift in Sources */,
				7A9B8A0F2286FFBA00F9BF52 /* LanguageViewController.swift in Sources */,
				7A9B89F32286C80100F9BF52 /* Model.xcdatamodeld in Sources */,
				7A9B8A13228704C400F9BF52 /* TranslateTitleView.swift in Sources */,
				7A9B89FF2286CE6F00F9BF52 /* TranslatePresenter.swift in Sources */,
				7A9B8A6322883E4C00F9BF52 /* HistoryInteractor.swift in Sources */,
			);
			runOnlyForDeploymentPostprocessing = 0;
		};
		7A9B89D02286C7A900F9BF52 /* Sources */ = {
			isa = PBXSourcesBuildPhase;
			buildActionMask = 2147483647;
			files = (
				7A9B89D92286C7A900F9BF52 /* Sberbank_testTests.swift in Sources */,
			);
			runOnlyForDeploymentPostprocessing = 0;
		};
		7A9B89DB2286C7A900F9BF52 /* Sources */ = {
			isa = PBXSourcesBuildPhase;
			buildActionMask = 2147483647;
			files = (
				7A9B89E42286C7A900F9BF52 /* Sberbank_testUITests.swift in Sources */,
			);
			runOnlyForDeploymentPostprocessing = 0;
		};
/* End PBXSourcesBuildPhase section */

/* Begin PBXTargetDependency section */
		7A9B89D62286C7A900F9BF52 /* PBXTargetDependency */ = {
			isa = PBXTargetDependency;
			target = 7A9B89BD2286C7A700F9BF52 /* Sberbank test */;
			targetProxy = 7A9B89D52286C7A900F9BF52 /* PBXContainerItemProxy */;
		};
		7A9B89E12286C7A900F9BF52 /* PBXTargetDependency */ = {
			isa = PBXTargetDependency;
			target = 7A9B89BD2286C7A700F9BF52 /* Sberbank test */;
			targetProxy = 7A9B89E02286C7A900F9BF52 /* PBXContainerItemProxy */;
		};
/* End PBXTargetDependency section */

/* Begin PBXVariantGroup section */
		7A9B89C72286C7A700F9BF52 /* Main.storyboard */ = {
			isa = PBXVariantGroup;
			children = (
				7A9B89C82286C7A700F9BF52 /* Base */,
			);
			name = Main.storyboard;
			sourceTree = "<group>";
		};
		7A9B89CC2286C7A900F9BF52 /* LaunchScreen.storyboard */ = {
			isa = PBXVariantGroup;
			children = (
				7A9B89CD2286C7A900F9BF52 /* Base */,
			);
			name = LaunchScreen.storyboard;
			sourceTree = "<group>";
		};
/* End PBXVariantGroup section */

/* Begin XCBuildConfiguration section */
		7A9B89E62286C7A900F9BF52 /* Debug */ = {
			isa = XCBuildConfiguration;
			buildSettings = {
				ALWAYS_SEARCH_USER_PATHS = NO;
				CLANG_ANALYZER_NONNULL = YES;
				CLANG_ANALYZER_NUMBER_OBJECT_CONVERSION = YES_AGGRESSIVE;
				CLANG_CXX_LANGUAGE_STANDARD = "gnu++14";
				CLANG_CXX_LIBRARY = "libc++";
				CLANG_ENABLE_MODULES = YES;
				CLANG_ENABLE_OBJC_ARC = YES;
				CLANG_ENABLE_OBJC_WEAK = YES;
				CLANG_WARN_BLOCK_CAPTURE_AUTORELEASING = YES;
				CLANG_WARN_BOOL_CONVERSION = YES;
				CLANG_WARN_COMMA = YES;
				CLANG_WARN_CONSTANT_CONVERSION = YES;
				CLANG_WARN_DEPRECATED_OBJC_IMPLEMENTATIONS = YES;
				CLANG_WARN_DIRECT_OBJC_ISA_USAGE = YES_ERROR;
				CLANG_WARN_DOCUMENTATION_COMMENTS = YES;
				CLANG_WARN_EMPTY_BODY = YES;
				CLANG_WARN_ENUM_CONVERSION = YES;
				CLANG_WARN_INFINITE_RECURSION = YES;
				CLANG_WARN_INT_CONVERSION = YES;
				CLANG_WARN_NON_LITERAL_NULL_CONVERSION = YES;
				CLANG_WARN_OBJC_IMPLICIT_RETAIN_SELF = YES;
				CLANG_WARN_OBJC_LITERAL_CONVERSION = YES;
				CLANG_WARN_OBJC_ROOT_CLASS = YES_ERROR;
				CLANG_WARN_RANGE_LOOP_ANALYSIS = YES;
				CLANG_WARN_STRICT_PROTOTYPES = YES;
				CLANG_WARN_SUSPICIOUS_MOVE = YES;
				CLANG_WARN_UNGUARDED_AVAILABILITY = YES_AGGRESSIVE;
				CLANG_WARN_UNREACHABLE_CODE = YES;
				CLANG_WARN__DUPLICATE_METHOD_MATCH = YES;
				CODE_SIGN_IDENTITY = "iPhone Developer";
				COPY_PHASE_STRIP = NO;
				DEBUG_INFORMATION_FORMAT = dwarf;
				ENABLE_STRICT_OBJC_MSGSEND = YES;
				ENABLE_TESTABILITY = YES;
				GCC_C_LANGUAGE_STANDARD = gnu11;
				GCC_DYNAMIC_NO_PIC = NO;
				GCC_NO_COMMON_BLOCKS = YES;
				GCC_OPTIMIZATION_LEVEL = 0;
				GCC_PREPROCESSOR_DEFINITIONS = (
					"DEBUG=1",
					"$(inherited)",
				);
				GCC_WARN_64_TO_32_BIT_CONVERSION = YES;
				GCC_WARN_ABOUT_RETURN_TYPE = YES_ERROR;
				GCC_WARN_UNDECLARED_SELECTOR = YES;
				GCC_WARN_UNINITIALIZED_AUTOS = YES_AGGRESSIVE;
				GCC_WARN_UNUSED_FUNCTION = YES;
				GCC_WARN_UNUSED_VARIABLE = YES;
				IPHONEOS_DEPLOYMENT_TARGET = 12.2;
				MTL_ENABLE_DEBUG_INFO = INCLUDE_SOURCE;
				MTL_FAST_MATH = YES;
				ONLY_ACTIVE_ARCH = YES;
				SDKROOT = iphoneos;
				SWIFT_ACTIVE_COMPILATION_CONDITIONS = DEBUG;
				SWIFT_OPTIMIZATION_LEVEL = "-Onone";
			};
			name = Debug;
		};
		7A9B89E72286C7A900F9BF52 /* Release */ = {
			isa = XCBuildConfiguration;
			buildSettings = {
				ALWAYS_SEARCH_USER_PATHS = NO;
				CLANG_ANALYZER_NONNULL = YES;
				CLANG_ANALYZER_NUMBER_OBJECT_CONVERSION = YES_AGGRESSIVE;
				CLANG_CXX_LANGUAGE_STANDARD = "gnu++14";
				CLANG_CXX_LIBRARY = "libc++";
				CLANG_ENABLE_MODULES = YES;
				CLANG_ENABLE_OBJC_ARC = YES;
				CLANG_ENABLE_OBJC_WEAK = YES;
				CLANG_WARN_BLOCK_CAPTURE_AUTORELEASING = YES;
				CLANG_WARN_BOOL_CONVERSION = YES;
				CLANG_WARN_COMMA = YES;
				CLANG_WARN_CONSTANT_CONVERSION = YES;
				CLANG_WARN_DEPRECATED_OBJC_IMPLEMENTATIONS = YES;
				CLANG_WARN_DIRECT_OBJC_ISA_USAGE = YES_ERROR;
				CLANG_WARN_DOCUMENTATION_COMMENTS = YES;
				CLANG_WARN_EMPTY_BODY = YES;
				CLANG_WARN_ENUM_CONVERSION = YES;
				CLANG_WARN_INFINITE_RECURSION = YES;
				CLANG_WARN_INT_CONVERSION = YES;
				CLANG_WARN_NON_LITERAL_NULL_CONVERSION = YES;
				CLANG_WARN_OBJC_IMPLICIT_RETAIN_SELF = YES;
				CLANG_WARN_OBJC_LITERAL_CONVERSION = YES;
				CLANG_WARN_OBJC_ROOT_CLASS = YES_ERROR;
				CLANG_WARN_RANGE_LOOP_ANALYSIS = YES;
				CLANG_WARN_STRICT_PROTOTYPES = YES;
				CLANG_WARN_SUSPICIOUS_MOVE = YES;
				CLANG_WARN_UNGUARDED_AVAILABILITY = YES_AGGRESSIVE;
				CLANG_WARN_UNREACHABLE_CODE = YES;
				CLANG_WARN__DUPLICATE_METHOD_MATCH = YES;
				CODE_SIGN_IDENTITY = "iPhone Developer";
				COPY_PHASE_STRIP = NO;
				DEBUG_INFORMATION_FORMAT = "dwarf-with-dsym";
				ENABLE_NS_ASSERTIONS = NO;
				ENABLE_STRICT_OBJC_MSGSEND = YES;
				GCC_C_LANGUAGE_STANDARD = gnu11;
				GCC_NO_COMMON_BLOCKS = YES;
				GCC_WARN_64_TO_32_BIT_CONVERSION = YES;
				GCC_WARN_ABOUT_RETURN_TYPE = YES_ERROR;
				GCC_WARN_UNDECLARED_SELECTOR = YES;
				GCC_WARN_UNINITIALIZED_AUTOS = YES_AGGRESSIVE;
				GCC_WARN_UNUSED_FUNCTION = YES;
				GCC_WARN_UNUSED_VARIABLE = YES;
				IPHONEOS_DEPLOYMENT_TARGET = 12.2;
				MTL_ENABLE_DEBUG_INFO = NO;
				MTL_FAST_MATH = YES;
				SDKROOT = iphoneos;
				SWIFT_COMPILATION_MODE = wholemodule;
				SWIFT_OPTIMIZATION_LEVEL = "-O";
				VALIDATE_PRODUCT = YES;
			};
			name = Release;
		};
		7A9B89E92286C7A900F9BF52 /* Debug */ = {
			isa = XCBuildConfiguration;
			buildSettings = {
				ASSETCATALOG_COMPILER_APPICON_NAME = AppIcon;
				CODE_SIGN_STYLE = Automatic;
				DEVELOPMENT_TEAM = ZR5H38CHK4;
				INFOPLIST_FILE = "Sberbank test/Info.plist";
				LD_RUNPATH_SEARCH_PATHS = (
					"$(inherited)",
					"@executable_path/Frameworks",
				);
				PRODUCT_BUNDLE_IDENTIFIER = "com.Sberbank-test";
				PRODUCT_NAME = "$(TARGET_NAME)";
				SWIFT_VERSION = 5.0;
				TARGETED_DEVICE_FAMILY = "1,2";
			};
			name = Debug;
		};
		7A9B89EA2286C7A900F9BF52 /* Release */ = {
			isa = XCBuildConfiguration;
			buildSettings = {
				ASSETCATALOG_COMPILER_APPICON_NAME = AppIcon;
				CODE_SIGN_STYLE = Automatic;
				DEVELOPMENT_TEAM = ZR5H38CHK4;
				INFOPLIST_FILE = "Sberbank test/Info.plist";
				LD_RUNPATH_SEARCH_PATHS = (
					"$(inherited)",
					"@executable_path/Frameworks",
				);
				PRODUCT_BUNDLE_IDENTIFIER = "com.Sberbank-test";
				PRODUCT_NAME = "$(TARGET_NAME)";
				SWIFT_VERSION = 5.0;
				TARGETED_DEVICE_FAMILY = "1,2";
			};
			name = Release;
		};
		7A9B89EC2286C7A900F9BF52 /* Debug */ = {
			isa = XCBuildConfiguration;
			buildSettings = {
				ALWAYS_EMBED_SWIFT_STANDARD_LIBRARIES = YES;
				BUNDLE_LOADER = "$(TEST_HOST)";
				CODE_SIGN_STYLE = Automatic;
				INFOPLIST_FILE = "Sberbank testTests/Info.plist";
				LD_RUNPATH_SEARCH_PATHS = (
					"$(inherited)",
					"@executable_path/Frameworks",
					"@loader_path/Frameworks",
				);
				PRODUCT_BUNDLE_IDENTIFIER = "com.Sberbank-testTests";
				PRODUCT_NAME = "$(TARGET_NAME)";
				SWIFT_VERSION = 5.0;
				TARGETED_DEVICE_FAMILY = "1,2";
				TEST_HOST = "$(BUILT_PRODUCTS_DIR)/Sberbank test.app/Sberbank test";
			};
			name = Debug;
		};
		7A9B89ED2286C7A900F9BF52 /* Release */ = {
			isa = XCBuildConfiguration;
			buildSettings = {
				ALWAYS_EMBED_SWIFT_STANDARD_LIBRARIES = YES;
				BUNDLE_LOADER = "$(TEST_HOST)";
				CODE_SIGN_STYLE = Automatic;
				INFOPLIST_FILE = "Sberbank testTests/Info.plist";
				LD_RUNPATH_SEARCH_PATHS = (
					"$(inherited)",
					"@executable_path/Frameworks",
					"@loader_path/Frameworks",
				);
				PRODUCT_BUNDLE_IDENTIFIER = "com.Sberbank-testTests";
				PRODUCT_NAME = "$(TARGET_NAME)";
				SWIFT_VERSION = 5.0;
				TARGETED_DEVICE_FAMILY = "1,2";
				TEST_HOST = "$(BUILT_PRODUCTS_DIR)/Sberbank test.app/Sberbank test";
			};
			name = Release;
		};
		7A9B89EF2286C7A900F9BF52 /* Debug */ = {
			isa = XCBuildConfiguration;
			buildSettings = {
				ALWAYS_EMBED_SWIFT_STANDARD_LIBRARIES = YES;
				CODE_SIGN_STYLE = Automatic;
				INFOPLIST_FILE = "Sberbank testUITests/Info.plist";
				LD_RUNPATH_SEARCH_PATHS = (
					"$(inherited)",
					"@executable_path/Frameworks",
					"@loader_path/Frameworks",
				);
				PRODUCT_BUNDLE_IDENTIFIER = "com.Sberbank-testUITests";
				PRODUCT_NAME = "$(TARGET_NAME)";
				SWIFT_VERSION = 5.0;
				TARGETED_DEVICE_FAMILY = "1,2";
				TEST_TARGET_NAME = "Sberbank test";
			};
			name = Debug;
		};
		7A9B89F02286C7A900F9BF52 /* Release */ = {
			isa = XCBuildConfiguration;
			buildSettings = {
				ALWAYS_EMBED_SWIFT_STANDARD_LIBRARIES = YES;
				CODE_SIGN_STYLE = Automatic;
				INFOPLIST_FILE = "Sberbank testUITests/Info.plist";
				LD_RUNPATH_SEARCH_PATHS = (
					"$(inherited)",
					"@executable_path/Frameworks",
					"@loader_path/Frameworks",
				);
				PRODUCT_BUNDLE_IDENTIFIER = "com.Sberbank-testUITests";
				PRODUCT_NAME = "$(TARGET_NAME)";
				SWIFT_VERSION = 5.0;
				TARGETED_DEVICE_FAMILY = "1,2";
				TEST_TARGET_NAME = "Sberbank test";
			};
			name = Release;
		};
/* End XCBuildConfiguration section */

/* Begin XCConfigurationList section */
		7A9B89B92286C7A700F9BF52 /* Build configuration list for PBXProject "Sberbank test" */ = {
			isa = XCConfigurationList;
			buildConfigurations = (
				7A9B89E62286C7A900F9BF52 /* Debug */,
				7A9B89E72286C7A900F9BF52 /* Release */,
			);
			defaultConfigurationIsVisible = 0;
			defaultConfigurationName = Release;
		};
		7A9B89E82286C7A900F9BF52 /* Build configuration list for PBXNativeTarget "Sberbank test" */ = {
			isa = XCConfigurationList;
			buildConfigurations = (
				7A9B89E92286C7A900F9BF52 /* Debug */,
				7A9B89EA2286C7A900F9BF52 /* Release */,
			);
			defaultConfigurationIsVisible = 0;
			defaultConfigurationName = Release;
		};
		7A9B89EB2286C7A900F9BF52 /* Build configuration list for PBXNativeTarget "Sberbank testTests" */ = {
			isa = XCConfigurationList;
			buildConfigurations = (
				7A9B89EC2286C7A900F9BF52 /* Debug */,
				7A9B89ED2286C7A900F9BF52 /* Release */,
			);
			defaultConfigurationIsVisible = 0;
			defaultConfigurationName = Release;
		};
		7A9B89EE2286C7A900F9BF52 /* Build configuration list for PBXNativeTarget "Sberbank testUITests" */ = {
			isa = XCConfigurationList;
			buildConfigurations = (
				7A9B89EF2286C7A900F9BF52 /* Debug */,
				7A9B89F02286C7A900F9BF52 /* Release */,
			);
			defaultConfigurationIsVisible = 0;
			defaultConfigurationName = Release;
		};
/* End XCConfigurationList section */

/* Begin XCVersionGroup section */
		7A9B89F12286C80100F9BF52 /* Model.xcdatamodeld */ = {
			isa = XCVersionGroup;
			children = (
				7A9B89F22286C80100F9BF52 /* Model.xcdatamodel */,
			);
			currentVersion = 7A9B89F22286C80100F9BF52 /* Model.xcdatamodel */;
			path = Model.xcdatamodeld;
			sourceTree = "<group>";
			versionGroupType = wrapper.xcdatamodel;
		};
/* End XCVersionGroup section */
	};
	rootObject = 7A9B89B62286C7A700F9BF52 /* Project object */;
}
